
Microsoft Visual Studio Solution File, Format Version 12.00
# Visual Studio Version 17
VisualStudioVersion = 17.11.35303.130
MinimumVisualStudioVersion = 10.0.40219.1
Project("{9A19103F-16F7-4668-BE54-9A1E7A4F7556}") = "ConsoleApp3", "ConsoleApp3\ConsoleApp3.csproj", "{BEB61E2F-D484-4F28-9637-C5B57D41ED05}"
EndProject
Project("{9A19103F-16F7-4668-BE54-9A1E7A4F7556}") = "TestProject1", "TestProject1\TestProject1.csproj", "{8CB293C5-4959-4128-84B3-858B8649EAE9}"
	ProjectSection(ProjectDependencies) = postProject
		{BEB61E2F-D484-4F28-9637-C5B57D41ED05} = {BEB61E2F-D484-4F28-9637-C5B57D41ED05}
	EndProjectSection
EndProject
Global
	GlobalSection(SolutionConfigurationPlatforms) = preSolution
		Debug|Any CPU = Debug|Any CPU
		Release|Any CPU = Release|Any CPU
	EndGlobalSection
	GlobalSection(ProjectConfigurationPlatforms) = postSolution
		{BEB61E2F-D484-4F28-9637-C5B57D41ED05}.Debug|Any CPU.ActiveCfg = Debug|Any CPU
		{BEB61E2F-D484-4F28-9637-C5B57D41ED05}.Debug|Any CPU.Build.0 = Debug|Any CPU
		{BEB61E2F-D484-4F28-9637-C5B57D41ED05}.Release|Any CPU.ActiveCfg = Release|Any CPU
		{BEB61E2F-D484-4F28-9637-C5B57D41ED05}.Release|Any CPU.Build.0 = Release|Any CPU
		{8CB293C5-4959-4128-84B3-858B8649EAE9}.Debug|Any CPU.ActiveCfg = Debug|Any CPU
		{8CB293C5-4959-4128-84B3-858B8649EAE9}.Debug|Any CPU.Build.0 = Debug|Any CPU
		{8CB293C5-4959-4128-84B3-858B8649EAE9}.Release|Any CPU.ActiveCfg = Release|Any CPU
		{8CB293C5-4959-4128-84B3-858B8649EAE9}.Release|Any CPU.Build.0 = Release|Any CPU
	EndGlobalSection
	GlobalSection(SolutionProperties) = preSolution
		HideSolutionNode = FALSE
	EndGlobalSection
	GlobalSection(ExtensibilityGlobals) = postSolution
		SolutionGuid = {B906F9B3-9A7D-43FC-9301-BEC547472E4C}
	EndGlobalSection
EndGlobal
